
Microsoft Visual Studio Solution File, Format Version 10.00
# Visual C++ Express 2008
Project("{8BC9CEB8-8B4A-11D0-8D11-00A0C91BC942}") = "teste_cuda1", "teste_cuda1\teste_cuda1.vcproj", "{4E7621E1-40F6-4412-8D9B-C5306E0B3711}"
EndProject
Global
	GlobalSection(SolutionConfigurationPlatforms) = preSolution
		Debug|Win32 = Debug|Win32
		Release|Win32 = Release|Win32
	EndGlobalSection
	GlobalSection(ProjectConfigurationPlatforms) = postSolution
		{4E7621E1-40F6-4412-8D9B-C5306E0B3711}.Debug|Win32.ActiveCfg = Debug|Win32
		{4E7621E1-40F6-4412-8D9B-C5306E0B3711}.Debug|Win32.Build.0 = Debug|Win32
		{4E7621E1-40F6-4412-8D9B-C5306E0B3711}.Release|Win32.ActiveCfg = Release|Win32
		{4E7621E1-40F6-4412-8D9B-C5306E0B3711}.Release|Win32.Build.0 = Release|Win32
	EndGlobalSection
	GlobalSection(SolutionProperties) = preSolution
		HideSolutionNode = FALSE
	EndGlobalSection
EndGlobal
